// !$*UTF8*$!
{
	archiveVersion = 1;
	classes = {
	};
	objectVersion = 46;
	objects = {

/* Begin PBXBuildFile section */
		514F73B11CFDE16D0005C156 /* AppDelegate.swift in Sources */ = {isa = PBXBuildFile; fileRef = 514F73B01CFDE16D0005C156 /* AppDelegate.swift */; };
		514F73B31CFDE16D0005C156 /* ViewController.swift in Sources */ = {isa = PBXBuildFile; fileRef = 514F73B21CFDE16D0005C156 /* ViewController.swift */; };
		514F73B61CFDE16D0005C156 /* Main.storyboard in Resources */ = {isa = PBXBuildFile; fileRef = 514F73B41CFDE16D0005C156 /* Main.storyboard */; };
		514F73B81CFDE16D0005C156 /* Assets.xcassets in Resources */ = {isa = PBXBuildFile; fileRef = 514F73B71CFDE16D0005C156 /* Assets.xcassets */; };
		514F73BB1CFDE16D0005C156 /* LaunchScreen.storyboard in Resources */ = {isa = PBXBuildFile; fileRef = 514F73B91CFDE16D0005C156 /* LaunchScreen.storyboard */; };
/* End PBXBuildFile section */

/* Begin PBXFileReference section */
		514F73AD1CFDE16D0005C156 /* L05Camera.app */ = {isa = PBXFileReference; explicitFileType = wrapper.application; includeInIndex = 0; path = L05Camera.app; sourceTree = BUILT_PRODUCTS_DIR; };
		514F73B01CFDE16D0005C156 /* AppDelegate.swift */ = {isa = PBXFileReference; lastKnownFileType = sourcecode.swift; path = AppDelegate.swift; sourceTree = "<group>"; };
		514F73B21CFDE16D0005C156 /* ViewController.swift */ = {isa = PBXFileReference; lastKnownFileType = sourcecode.swift; path = ViewController.swift; sourceTree = "<group>"; };
		514F73B51CFDE16D0005C156 /* Base */ = {isa = PBXFileReference; lastKnownFileType = file.storyboard; name = Base; path = Base.lproj/Main.storyboard; sourceTree = "<group>"; };
		514F73B71CFDE16D0005C156 /* Assets.xcassets */ = {isa = PBXFileReference; lastKnownFileType = folder.assetcatalog; path = Assets.xcassets; sourceTree = "<group>"; };
		514F73BA1CFDE16D0005C156 /* Base */ = {isa = PBXFileReference; lastKnownFileType = file.storyboard; name = Base; path = Base.lproj/LaunchScreen.storyboard; sourceTree = "<group>"; };
		514F73BC1CFDE16D0005C156 /* Info.plist */ = {isa = PBXFileReference; lastKnownFileType = text.plist.xml; path = Info.plist; sourceTree = "<group>"; };
/* End PBXFileReference section */

/* Begin PBXFrameworksBuildPhase section */
		514F73AA1CFDE16D0005C156 /* Frameworks */ = {
			isa = PBXFrameworksBuildPhase;
			buildActionMask = 2147483647;
			files = (
			);
			runOnlyForDeploymentPostprocessing = 0;
		};
/* End PBXFrameworksBuildPhase section */

/* Begin PBXGroup section */
		514F73A41CFDE16D0005C156 = {
			isa = PBXGroup;
			children = (
				514F73AF1CFDE16D0005C156 /* L05Camera */,
				514F73AE1CFDE16D0005C156 /* Products */,
			);
			sourceTree = "<group>";
		};
		514F73AE1CFDE16D0005C156 /* Products */ = {
			isa = PBXGroup;
			children = (
				514F73AD1CFDE16D0005C156 /* L05Camera.app */,
			);
			name = Products;
			sourceTree = "<group>";
		};
		514F73AF1CFDE16D0005C156 /* L05Camera */ = {
			isa = PBXGroup;
			children = (
				514F73B01CFDE16D0005C156 /* AppDelegate.swift */,
				514F73B21CFDE16D0005C156 /* ViewController.swift */,
				514F73B41CFDE16D0005C156 /* Main.storyboard */,
				514F73B71CFDE16D0005C156 /* Assets.xcassets */,
				514F73B91CFDE16D0005C156 /* LaunchScreen.storyboard */,
				514F73BC1CFDE16D0005C156 /* Info.plist */,
			);
			path = L05Camera;
			sourceTree = "<group>";
		};
/* End PBXGroup section */

/* Begin PBXNativeTarget section */
		514F73AC1CFDE16D0005C156 /* L05Camera */ = {
			isa = PBXNativeTarget;
			buildConfigurationList = 514F73BF1CFDE16D0005C156 /* Build configuration list for PBXNativeTarget "L05Camera" */;
			buildPhases = (
				514F73A91CFDE16D0005C156 /* Sources */,
				514F73AA1CFDE16D0005C156 /* Frameworks */,
				514F73AB1CFDE16D0005C156 /* Resources */,
			);
			buildRules = (
			);
			dependencies = (
			);
			name = L05Camera;
			productName = L05Camera;
			productReference = 514F73AD1CFDE16D0005C156 /* L05Camera.app */;
			productType = "com.apple.product-type.application";
		};
/* End PBXNativeTarget section */

/* Begin PBXProject section */
		514F73A51CFDE16D0005C156 /* Project object */ = {
			isa = PBXProject;
			attributes = {
				LastSwiftUpdateCheck = 0730;
				LastUpgradeCheck = 0730;
				ORGANIZATIONNAME = xuping;
				TargetAttributes = {
					514F73AC1CFDE16D0005C156 = {
						CreatedOnToolsVersion = 7.3.1;
						DevelopmentTeam = 7FD47E95B6;
					};
				};
			};
			buildConfigurationList = 514F73A81CFDE16D0005C156 /* Build configuration list for PBXProject "L05Camera" */;
			compatibilityVersion = "Xcode 3.2";
			developmentRegion = English;
			hasScannedForEncodings = 0;
			knownRegions = (
				en,
				Base,
			);
			mainGroup = 514F73A41CFDE16D0005C156;
			productRefGroup = 514F73AE1CFDE16D0005C156 /* Products */;
			projectDirPath = "";
			projectRoot = "";
			targets = (
				514F73AC1CFDE16D0005C156 /* L05Camera */,
			);
		};
/* End PBXProject section */

/* Begin PBXResourcesBuildPhase section */
		514F73AB1CFDE16D0005C156 /* Resources */ = {
			isa = PBXResourcesBuildPhase;
			buildActionMask = 2147483647;
			files = (
				514F73BB1CFDE16D0005C156 /* LaunchScreen.storyboard in Resources */,
				514F73B81CFDE16D0005C156 /* Assets.xcassets in Resources */,
				514F73B61CFDE16D0005C156 /* Main.storyboard in Resources */,
			);
			runOnlyForDeploymentPostprocessing = 0;
		};
/* End PBXResourcesBuildPhase section */

/* Begin PBXSourcesBuildPhase section */
		514F73A91CFDE16D0005C156 /* Sources */ = {
			isa = PBXSourcesBuildPhase;
			buildActionMask = 2147483647;
			files = (
				514F73B31CFDE16D0005C156 /* ViewController.swift in Sources */,
				514F73B11CFDE16D0005C156 /* AppDelegate.swift in Sources */,
			);
			runOnlyForDeploymentPostprocessing = 0;
		};
/* End PBXSourcesBuildPhase section */

/* Begin PBXVariantGroup section */
		514F73B41CFDE16D0005C156 /* Main.storyboard */ = {
			isa = PBXVariantGroup;
			children = (
				514F73B51CFDE16D0005C156 /* Base */,
			);
			name = Main.storyboard;
			sourceTree = "<group>";
		};
		514F73B91CFDE16D0005C156 /* LaunchScreen.storyboard */ = {
			isa = PBXVariantGroup;
			children = (
				514F73BA1CFDE16D0005C156 /* Base */,
			);
			name = LaunchScreen.storyboard;
			sourceTree = "<group>";
		};
/* End PBXVariantGroup section */

/* Begin XCBuildConfiguration section */
		514F73BD1CFDE16D0005C156 /* Debug */ = {
			isa = XCBuildConfiguration;
			buildSettings = {
				ALWAYS_SEARCH_USER_PATHS = NO;
				CLANG_ANALYZER_NONNULL = YES;
				CLANG_CXX_LANGUAGE_STANDARD = "gnu++0x";
				CLANG_CXX_LIBRARY = "libc++";
				CLANG_ENABLE_MODULES = YES;
				CLANG_ENABLE_OBJC_ARC = YES;
				CLANG_WARN_BOOL_CONVERSION = YES;
				CLANG_WARN_CONSTANT_CONVERSION = YES;
				CLANG_WARN_DIRECT_OBJC_ISA_USAGE = YES_ERROR;
				CLANG_WARN_EMPTY_BODY = YES;
				CLANG_WARN_ENUM_CONVERSION = YES;
				CLANG_WARN_INT_CONVERSION = YES;
				CLANG_WARN_OBJC_ROOT_CLASS = YES_ERROR;
				CLANG_WARN_UNREACHABLE_CODE = YES;
				CLANG_WARN__DUPLICATE_METHOD_MATCH = YES;
				"CODE_SIGN_IDENTITY[sdk=iphoneos*]" = "iPhone Developer";
				COPY_PHASE_STRIP = NO;
				DEBUG_INFORMATION_FORMAT = dwarf;
				ENABLE_STRICT_OBJC_MSGSEND = YES;
				ENABLE_TESTABILITY = YES;
				GCC_C_LANGUAGE_STANDARD = gnu99;
				GCC_DYNAMIC_NO_PIC = NO;
				GCC_NO_COMMON_BLOCKS = YES;
				GCC_OPTIMIZATION_LEVEL = 0;
				GCC_PREPROCESSOR_DEFINITIONS = (
					"DEBUG=1",
					"$(inherited)",
				);
				GCC_WARN_64_TO_32_BIT_CONVERSION = YES;
				GCC_WARN_ABOUT_RETURN_TYPE = YES_ERROR;
				GCC_WARN_UNDECLARED_SELECTOR = YES;
				GCC_WARN_UNINITIALIZED_AUTOS = YES_AGGRESSIVE;
				GCC_WARN_UNUSED_FUNCTION = YES;
				GCC_WARN_UNUSED_VARIABLE = YES;
				IPHONEOS_DEPLOYMENT_TARGET = 9.3;
				MTL_ENABLE_DEBUG_INFO = YES;
				ONLY_ACTIVE_ARCH = YES;
				SDKROOT = iphoneos;
				SWIFT_OPTIMIZATION_LEVEL = "-Onone";
			};
			name = Debug;
		};
		514F73BE1CFDE16D0005C156 /* Release */ = {
			isa = XCBuildConfiguration;
			buildSettings = {
				ALWAYS_SEARCH_USER_PATHS = NO;
				CLANG_ANALYZER_NONNULL = YES;
				CLANG_CXX_LANGUAGE_STANDARD = "gnu++0x";
				CLANG_CXX_LIBRARY = "libc++";
				CLANG_ENABLE_MODULES = YES;
				CLANG_ENABLE_OBJC_ARC = YES;
				CLANG_WARN_BOOL_CONVERSION = YES;
				CLANG_WARN_CONSTANT_CONVERSION = YES;
				CLANG_WARN_DIRECT_OBJC_ISA_USAGE = YES_ERROR;
				CLANG_WARN_EMPTY_BODY = YES;
				CLANG_WARN_ENUM_CONVERSION = YES;
				CLANG_WARN_INT_CONVERSION = YES;
				CLANG_WARN_OBJC_ROOT_CLASS = YES_ERROR;
				CLANG_WARN_UNREACHABLE_CODE = YES;
				CLANG_WARN__DUPLICATE_METHOD_MATCH = YES;
				"CODE_SIGN_IDENTITY[sdk=iphoneos*]" = "iPhone Developer";
				COPY_PHASE_STRIP = NO;
				DEBUG_INFORMATION_FORMAT = "dwarf-with-dsym";
				ENABLE_NS_ASSERTIONS = NO;
				ENABLE_STRICT_OBJC_MSGSEND = YES;
				GCC_C_LANGUAGE_STANDARD = gnu99;
				GCC_NO_COMMON_BLOCKS = YES;
				GCC_WARN_64_TO_32_BIT_CONVERSION = YES;
				GCC_WARN_ABOUT_RETURN_TYPE = YES_ERROR;
				GCC_WARN_UNDECLARED_SELECTOR = YES;
				GCC_WARN_UNINITIALIZED_AUTOS = YES_AGGRESSIVE;
				GCC_WARN_UNUSED_FUNCTION = YES;
				GCC_WARN_UNUSED_VARIABLE = YES;
				IPHONEOS_DEPLOYMENT_TARGET = 9.3;
				MTL_ENABLE_DEBUG_INFO = NO;
				SDKROOT = iphoneos;
				VALIDATE_PRODUCT = YES;
			};
			name = Release;
		};
		514F73C01CFDE16D0005C156 /* Debug */ = {
			isa = XCBuildConfiguration;
			buildSettings = {
				ASSETCATALOG_COMPILER_APPICON_NAME = AppIcon;
				INFOPLIST_FILE = L05Camera/Info.plist;
				LD_RUNPATH_SEARCH_PATHS = "$(inherited) @executable_path/Frameworks";
				PRODUCT_BUNDLE_IDENTIFIER = com.xuping.L05Camera;
				PRODUCT_NAME = "$(TARGET_NAME)";
			};
			name = Debug;
		};
		514F73C11CFDE16D0005C156 /* Release */ = {
			isa = XCBuildConfiguration;
			buildSettings = {
				ASSETCATALOG_COMPILER_APPICON_NAME = AppIcon;
				INFOPLIST_FILE = L05Camera/Info.plist;
				LD_RUNPATH_SEARCH_PATHS = "$(inherited) @executable_path/Frameworks";
				PRODUCT_BUNDLE_IDENTIFIER = com.xuping.L05Camera;
				PRODUCT_NAME = "$(TARGET_NAME)";
			};
			name = Release;
		};
/* End XCBuildConfiguration section */

/* Begin XCConfigurationList section */
		514F73A81CFDE16D0005C156 /* Build configuration list for PBXProject "L05Camera" */ = {
			isa = XCConfigurationList;
			buildConfigurations = (
				514F73BD1CFDE16D0005C156 /* Debug */,
				514F73BE1CFDE16D0005C156 /* Release */,
			);
			defaultConfigurationIsVisible = 0;
			defaultConfigurationName = Release;
		};
		514F73BF1CFDE16D0005C156 /* Build configuration list for PBXNativeTarget "L05Camera" */ = {
			isa = XCConfigurationList;
			buildConfigurations = (
				514F73C01CFDE16D0005C156 /* Debug */,
				514F73C11CFDE16D0005C156 /* Release */,
			);
			defaultConfigurationIsVisible = 0;
		};
/* End XCConfigurationList section */
	};
	rootObject = 514F73A51CFDE16D0005C156 /* Project object */;
}
